// !$*UTF8*$!
{
	archiveVersion = 1;
	classes = {
	};
	objectVersion = 55;
	objects = {

/* Begin PBXBuildFile section */
		C78661A628B89E9600262C75 /* Inject in Frameworks */ = {isa = PBXBuildFile; productRef = C78661A528B89E9600262C75 /* Inject */; };
		C795E51328B7F5E00020EBC5 /* AppDelegate.swift in Sources */ = {isa = PBXBuildFile; fileRef = C795E51228B7F5E00020EBC5 /* AppDelegate.swift */; };
		C795E51528B7F5E00020EBC5 /* SceneDelegate.swift in Sources */ = {isa = PBXBuildFile; fileRef = C795E51428B7F5E00020EBC5 /* SceneDelegate.swift */; };
		C795E51728B7F5E00020EBC5 /* ViewController.swift in Sources */ = {isa = PBXBuildFile; fileRef = C795E51628B7F5E00020EBC5 /* ViewController.swift */; };
		C795E51A28B7F5E00020EBC5 /* Main.storyboard in Resources */ = {isa = PBXBuildFile; fileRef = C795E51828B7F5E00020EBC5 /* Main.storyboard */; };
		C795E51C28B7F5E40020EBC5 /* Assets.xcassets in Resources */ = {isa = PBXBuildFile; fileRef = C795E51B28B7F5E40020EBC5 /* Assets.xcassets */; };
		C795E51F28B7F5E40020EBC5 /* LaunchScreen.storyboard in Resources */ = {isa = PBXBuildFile; fileRef = C795E51D28B7F5E40020EBC5 /* LaunchScreen.storyboard */; };
		C795E52A28B7F5E50020EBC5 /* PreworkTests.swift in Sources */ = {isa = PBXBuildFile; fileRef = C795E52928B7F5E50020EBC5 /* PreworkTests.swift */; };
		C795E53428B7F5E50020EBC5 /* PreworkUITests.swift in Sources */ = {isa = PBXBuildFile; fileRef = C795E53328B7F5E50020EBC5 /* PreworkUITests.swift */; };
		C795E53628B7F5E50020EBC5 /* PreworkUITestsLaunchTests.swift in Sources */ = {isa = PBXBuildFile; fileRef = C795E53528B7F5E50020EBC5 /* PreworkUITestsLaunchTests.swift */; };
/* End PBXBuildFile section */

/* Begin PBXContainerItemProxy section */
		C795E52628B7F5E50020EBC5 /* PBXContainerItemProxy */ = {
			isa = PBXContainerItemProxy;
			containerPortal = C795E50728B7F5DF0020EBC5 /* Project object */;
			proxyType = 1;
			remoteGlobalIDString = C795E50E28B7F5E00020EBC5;
			remoteInfo = Prework;
		};
		C795E53028B7F5E50020EBC5 /* PBXContainerItemProxy */ = {
			isa = PBXContainerItemProxy;
			containerPortal = C795E50728B7F5DF0020EBC5 /* Project object */;
			proxyType = 1;
			remoteGlobalIDString = C795E50E28B7F5E00020EBC5;
			remoteInfo = Prework;
		};
/* End PBXContainerItemProxy section */

/* Begin PBXFileReference section */
		C795E50F28B7F5E00020EBC5 /* Prework.app */ = {isa = PBXFileReference; explicitFileType = wrapper.application; includeInIndex = 0; path = Prework.app; sourceTree = BUILT_PRODUCTS_DIR; };
		C795E51228B7F5E00020EBC5 /* AppDelegate.swift */ = {isa = PBXFileReference; lastKnownFileType = sourcecode.swift; path = AppDelegate.swift; sourceTree = "<group>"; };
		C795E51428B7F5E00020EBC5 /* SceneDelegate.swift */ = {isa = PBXFileReference; lastKnownFileType = sourcecode.swift; path = SceneDelegate.swift; sourceTree = "<group>"; };
		C795E51628B7F5E00020EBC5 /* ViewController.swift */ = {isa = PBXFileReference; lastKnownFileType = sourcecode.swift; path = ViewController.swift; sourceTree = "<group>"; };
		C795E51928B7F5E00020EBC5 /* Base */ = {isa = PBXFileReference; lastKnownFileType = file.storyboard; name = Base; path = Base.lproj/Main.storyboard; sourceTree = "<group>"; };
		C795E51B28B7F5E40020EBC5 /* Assets.xcassets */ = {isa = PBXFileReference; lastKnownFileType = folder.assetcatalog; path = Assets.xcassets; sourceTree = "<group>"; };
		C795E51E28B7F5E40020EBC5 /* Base */ = {isa = PBXFileReference; lastKnownFileType = file.storyboard; name = Base; path = Base.lproj/LaunchScreen.storyboard; sourceTree = "<group>"; };
		C795E52028B7F5E40020EBC5 /* Info.plist */ = {isa = PBXFileReference; lastKnownFileType = text.plist.xml; path = Info.plist; sourceTree = "<group>"; };
		C795E52528B7F5E50020EBC5 /* PreworkTests.xctest */ = {isa = PBXFileReference; explicitFileType = wrapper.cfbundle; includeInIndex = 0; path = PreworkTests.xctest; sourceTree = BUILT_PRODUCTS_DIR; };
		C795E52928B7F5E50020EBC5 /* PreworkTests.swift */ = {isa = PBXFileReference; lastKnownFileType = sourcecode.swift; path = PreworkTests.swift; sourceTree = "<group>"; };
		C795E52F28B7F5E50020EBC5 /* PreworkUITests.xctest */ = {isa = PBXFileReference; explicitFileType = wrapper.cfbundle; includeInIndex = 0; path = PreworkUITests.xctest; sourceTree = BUILT_PRODUCTS_DIR; };
		C795E53328B7F5E50020EBC5 /* PreworkUITests.swift */ = {isa = PBXFileReference; lastKnownFileType = sourcecode.swift; path = PreworkUITests.swift; sourceTree = "<group>"; };
		C795E53528B7F5E50020EBC5 /* PreworkUITestsLaunchTests.swift */ = {isa = PBXFileReference; lastKnownFileType = sourcecode.swift; path = PreworkUITestsLaunchTests.swift; sourceTree = "<group>"; };
/* End PBXFileReference section */

/* Begin PBXFrameworksBuildPhase section */
		C795E50C28B7F5E00020EBC5 /* Frameworks */ = {
			isa = PBXFrameworksBuildPhase;
			buildActionMask = 2147483647;
			files = (
				C78661A628B89E9600262C75 /* Inject in Frameworks */,
			);
			runOnlyForDeploymentPostprocessing = 0;
		};
		C795E52228B7F5E50020EBC5 /* Frameworks */ = {
			isa = PBXFrameworksBuildPhase;
			buildActionMask = 2147483647;
			files = (
			);
			runOnlyForDeploymentPostprocessing = 0;
		};
		C795E52C28B7F5E50020EBC5 /* Frameworks */ = {
			isa = PBXFrameworksBuildPhase;
			buildActionMask = 2147483647;
			files = (
			);
			runOnlyForDeploymentPostprocessing = 0;
		};
/* End PBXFrameworksBuildPhase section */

/* Begin PBXGroup section */
		C795E50628B7F5DF0020EBC5 = {
			isa = PBXGroup;
			children = (
				C795E51128B7F5E00020EBC5 /* Prework */,
				C795E52828B7F5E50020EBC5 /* PreworkTests */,
				C795E53228B7F5E50020EBC5 /* PreworkUITests */,
				C795E51028B7F5E00020EBC5 /* Products */,
			);
			sourceTree = "<group>";
		};
		C795E51028B7F5E00020EBC5 /* Products */ = {
			isa = PBXGroup;
			children = (
				C795E50F28B7F5E00020EBC5 /* Prework.app */,
				C795E52528B7F5E50020EBC5 /* PreworkTests.xctest */,
				C795E52F28B7F5E50020EBC5 /* PreworkUITests.xctest */,
			);
			name = Products;
			sourceTree = "<group>";
		};
		C795E51128B7F5E00020EBC5 /* Prework */ = {
			isa = PBXGroup;
			children = (
				C795E51228B7F5E00020EBC5 /* AppDelegate.swift */,
				C795E51428B7F5E00020EBC5 /* SceneDelegate.swift */,
				C795E51628B7F5E00020EBC5 /* ViewController.swift */,
				C795E51828B7F5E00020EBC5 /* Main.storyboard */,
				C795E51B28B7F5E40020EBC5 /* Assets.xcassets */,
				C795E51D28B7F5E40020EBC5 /* LaunchScreen.storyboard */,
				C795E52028B7F5E40020EBC5 /* Info.plist */,
			);
			path = Prework;
			sourceTree = "<group>";
		};
		C795E52828B7F5E50020EBC5 /* PreworkTests */ = {
			isa = PBXGroup;
			children = (
				C795E52928B7F5E50020EBC5 /* PreworkTests.swift */,
			);
			path = PreworkTests;
			sourceTree = "<group>";
		};
		C795E53228B7F5E50020EBC5 /* PreworkUITests */ = {
			isa = PBXGroup;
			children = (
				C795E53328B7F5E50020EBC5 /* PreworkUITests.swift */,
				C795E53528B7F5E50020EBC5 /* PreworkUITestsLaunchTests.swift */,
			);
			path = PreworkUITests;
			sourceTree = "<group>";
		};
/* End PBXGroup section */

/* Begin PBXNativeTarget section */
		C795E50E28B7F5E00020EBC5 /* Prework */ = {
			isa = PBXNativeTarget;
			buildConfigurationList = C795E53928B7F5E50020EBC5 /* Build configuration list for PBXNativeTarget "Prework" */;
			buildPhases = (
				C795E50B28B7F5E00020EBC5 /* Sources */,
				C795E50C28B7F5E00020EBC5 /* Frameworks */,
				C795E50D28B7F5E00020EBC5 /* Resources */,
			);
			buildRules = (
			);
			dependencies = (
			);
			name = Prework;
			packageProductDependencies = (
				C78661A528B89E9600262C75 /* Inject */,
			);
			productName = Prework;
			productReference = C795E50F28B7F5E00020EBC5 /* Prework.app */;
			productType = "com.apple.product-type.application";
		};
		C795E52428B7F5E50020EBC5 /* PreworkTests */ = {
			isa = PBXNativeTarget;
			buildConfigurationList = C795E53C28B7F5E50020EBC5 /* Build configuration list for PBXNativeTarget "PreworkTests" */;
			buildPhases = (
				C795E52128B7F5E50020EBC5 /* Sources */,
				C795E52228B7F5E50020EBC5 /* Frameworks */,
				C795E52328B7F5E50020EBC5 /* Resources */,
			);
			buildRules = (
			);
			dependencies = (
				C795E52728B7F5E50020EBC5 /* PBXTargetDependency */,
			);
			name = PreworkTests;
			productName = PreworkTests;
			productReference = C795E52528B7F5E50020EBC5 /* PreworkTests.xctest */;
			productType = "com.apple.product-type.bundle.unit-test";
		};
		C795E52E28B7F5E50020EBC5 /* PreworkUITests */ = {
			isa = PBXNativeTarget;
			buildConfigurationList = C795E53F28B7F5E50020EBC5 /* Build configuration list for PBXNativeTarget "PreworkUITests" */;
			buildPhases = (
				C795E52B28B7F5E50020EBC5 /* Sources */,
				C795E52C28B7F5E50020EBC5 /* Frameworks */,
				C795E52D28B7F5E50020EBC5 /* Resources */,
			);
			buildRules = (
			);
			dependencies = (
				C795E53128B7F5E50020EBC5 /* PBXTargetDependency */,
			);
			name = PreworkUITests;
			productName = PreworkUITests;
			productReference = C795E52F28B7F5E50020EBC5 /* PreworkUITests.xctest */;
			productType = "com.apple.product-type.bundle.ui-testing";
		};
/* End PBXNativeTarget section */

/* Begin PBXProject section */
		C795E50728B7F5DF0020EBC5 /* Project object */ = {
			isa = PBXProject;
			attributes = {
				BuildIndependentTargetsInParallel = 1;
				LastSwiftUpdateCheck = 1330;
				LastUpgradeCheck = 1330;
				TargetAttributes = {
					C795E50E28B7F5E00020EBC5 = {
						CreatedOnToolsVersion = 13.3.1;
					};
					C795E52428B7F5E50020EBC5 = {
						CreatedOnToolsVersion = 13.3.1;
						TestTargetID = C795E50E28B7F5E00020EBC5;
					};
					C795E52E28B7F5E50020EBC5 = {
						CreatedOnToolsVersion = 13.3.1;
						TestTargetID = C795E50E28B7F5E00020EBC5;
					};
				};
			};
			buildConfigurationList = C795E50A28B7F5DF0020EBC5 /* Build configuration list for PBXProject "Prework" */;
			compatibilityVersion = "Xcode 13.0";
			developmentRegion = en;
			hasScannedForEncodings = 0;
			knownRegions = (
				en,
				Base,
			);
			mainGroup = C795E50628B7F5DF0020EBC5;
			packageReferences = (
				C78661A428B89E9600262C75 /* XCRemoteSwiftPackageReference "Inject" */,
			);
			productRefGroup = C795E51028B7F5E00020EBC5 /* Products */;
			projectDirPath = "";
			projectRoot = "";
			targets = (
				C795E50E28B7F5E00020EBC5 /* Prework */,
				C795E52428B7F5E50020EBC5 /* PreworkTests */,
				C795E52E28B7F5E50020EBC5 /* PreworkUITests */,
			);
		};
/* End PBXProject section */

/* Begin PBXResourcesBuildPhase section */
		C795E50D28B7F5E00020EBC5 /* Resources */ = {
			isa = PBXResourcesBuildPhase;
			buildActionMask = 2147483647;
			files = (
				C795E51F28B7F5E40020EBC5 /* LaunchScreen.storyboard in Resources */,
				C795E51C28B7F5E40020EBC5 /* Assets.xcassets in Resources */,
				C795E51A28B7F5E00020EBC5 /* Main.storyboard in Resources */,
			);
			runOnlyForDeploymentPostprocessing = 0;
		};
		C795E52328B7F5E50020EBC5 /* Resources */ = {
			isa = PBXResourcesBuildPhase;
			buildActionMask = 2147483647;
			files = (
			);
			runOnlyForDeploymentPostprocessing = 0;
		};
		C795E52D28B7F5E50020EBC5 /* Resources */ = {
			isa = PBXResourcesBuildPhase;
			buildActionMask = 2147483647;
			files = (
			);
			runOnlyForDeploymentPostprocessing = 0;
		};
/* End PBXResourcesBuildPhase section */

/* Begin PBXSourcesBuildPhase section */
		C795E50B28B7F5E00020EBC5 /* Sources */ = {
			isa = PBXSourcesBuildPhase;
			buildActionMask = 2147483647;
			files = (
				C795E51728B7F5E00020EBC5 /* ViewController.swift in Sources */,
				C795E51328B7F5E00020EBC5 /* AppDelegate.swift in Sources */,
				C795E51528B7F5E00020EBC5 /* SceneDelegate.swift in Sources */,
			);
			runOnlyForDeploymentPostprocessing = 0;
		};
		C795E52128B7F5E50020EBC5 /* Sources */ = {
			isa = PBXSourcesBuildPhase;
			buildActionMask = 2147483647;
			files = (
				C795E52A28B7F5E50020EBC5 /* PreworkTests.swift in Sources */,
			);
			runOnlyForDeploymentPostprocessing = 0;
		};
		C795E52B28B7F5E50020EBC5 /* Sources */ = {
			isa = PBXSourcesBuildPhase;
			buildActionMask = 2147483647;
			files = (
				C795E53428B7F5E50020EBC5 /* PreworkUITests.swift in Sources */,
				C795E53628B7F5E50020EBC5 /* PreworkUITestsLaunchTests.swift in Sources */,
			);
			runOnlyForDeploymentPostprocessing = 0;
		};
/* End PBXSourcesBuildPhase section */

/* Begin PBXTargetDependency section */
		C795E52728B7F5E50020EBC5 /* PBXTargetDependency */ = {
			isa = PBXTargetDependency;
			target = C795E50E28B7F5E00020EBC5 /* Prework */;
			targetProxy = C795E52628B7F5E50020EBC5 /* PBXContainerItemProxy */;
		};
		C795E53128B7F5E50020EBC5 /* PBXTargetDependency */ = {
			isa = PBXTargetDependency;
			target = C795E50E28B7F5E00020EBC5 /* Prework */;
			targetProxy = C795E53028B7F5E50020EBC5 /* PBXContainerItemProxy */;
		};
/* End PBXTargetDependency section */

/* Begin PBXVariantGroup section */
		C795E51828B7F5E00020EBC5 /* Main.storyboard */ = {
			isa = PBXVariantGroup;
			children = (
				C795E51928B7F5E00020EBC5 /* Base */,
			);
			name = Main.storyboard;
			sourceTree = "<group>";
		};
		C795E51D28B7F5E40020EBC5 /* LaunchScreen.storyboard */ = {
			isa = PBXVariantGroup;
			children = (
				C795E51E28B7F5E40020EBC5 /* Base */,
			);
			name = LaunchScreen.storyboard;
			sourceTree = "<group>";
		};
/* End PBXVariantGroup section */

/* Begin XCBuildConfiguration section */
		C795E53728B7F5E50020EBC5 /* Debug */ = {
			isa = XCBuildConfiguration;
			buildSettings = {
				ALWAYS_SEARCH_USER_PATHS = NO;
				CLANG_ANALYZER_NONNULL = YES;
				CLANG_ANALYZER_NUMBER_OBJECT_CONVERSION = YES_AGGRESSIVE;
				CLANG_CXX_LANGUAGE_STANDARD = "gnu++17";
				CLANG_ENABLE_MODULES = YES;
				CLANG_ENABLE_OBJC_ARC = YES;
				CLANG_ENABLE_OBJC_WEAK = YES;
				CLANG_WARN_BLOCK_CAPTURE_AUTORELEASING = YES;
				CLANG_WARN_BOOL_CONVERSION = YES;
				CLANG_WARN_COMMA = YES;
				CLANG_WARN_CONSTANT_CONVERSION = YES;
				CLANG_WARN_DEPRECATED_OBJC_IMPLEMENTATIONS = YES;
				CLANG_WARN_DIRECT_OBJC_ISA_USAGE = YES_ERROR;
				CLANG_WARN_DOCUMENTATION_COMMENTS = YES;
				CLANG_WARN_EMPTY_BODY = YES;
				CLANG_WARN_ENUM_CONVERSION = YES;
				CLANG_WARN_INFINITE_RECURSION = YES;
				CLANG_WARN_INT_CONVERSION = YES;
				CLANG_WARN_NON_LITERAL_NULL_CONVERSION = YES;
				CLANG_WARN_OBJC_IMPLICIT_RETAIN_SELF = YES;
				CLANG_WARN_OBJC_LITERAL_CONVERSION = YES;
				CLANG_WARN_OBJC_ROOT_CLASS = YES_ERROR;
				CLANG_WARN_QUOTED_INCLUDE_IN_FRAMEWORK_HEADER = YES;
				CLANG_WARN_RANGE_LOOP_ANALYSIS = YES;
				CLANG_WARN_STRICT_PROTOTYPES = YES;
				CLANG_WARN_SUSPICIOUS_MOVE = YES;
				CLANG_WARN_UNGUARDED_AVAILABILITY = YES_AGGRESSIVE;
				CLANG_WARN_UNREACHABLE_CODE = YES;
				CLANG_WARN__DUPLICATE_METHOD_MATCH = YES;
				COPY_PHASE_STRIP = NO;
				DEBUG_INFORMATION_FORMAT = dwarf;
				ENABLE_STRICT_OBJC_MSGSEND = YES;
				ENABLE_TESTABILITY = YES;
				GCC_C_LANGUAGE_STANDARD = gnu11;
				GCC_DYNAMIC_NO_PIC = NO;
				GCC_NO_COMMON_BLOCKS = YES;
				GCC_OPTIMIZATION_LEVEL = 0;
				GCC_PREPROCESSOR_DEFINITIONS = (
					"DEBUG=1",
					"$(inherited)",
				);
				GCC_WARN_64_TO_32_BIT_CONVERSION = YES;
				GCC_WARN_ABOUT_RETURN_TYPE = YES_ERROR;
				GCC_WARN_UNDECLARED_SELECTOR = YES;
				GCC_WARN_UNINITIALIZED_AUTOS = YES_AGGRESSIVE;
				GCC_WARN_UNUSED_FUNCTION = YES;
				GCC_WARN_UNUSED_VARIABLE = YES;
				IPHONEOS_DEPLOYMENT_TARGET = 15.4;
				MTL_ENABLE_DEBUG_INFO = INCLUDE_SOURCE;
				MTL_FAST_MATH = YES;
				ONLY_ACTIVE_ARCH = YES;
				SDKROOT = iphoneos;
				SWIFT_ACTIVE_COMPILATION_CONDITIONS = DEBUG;
				SWIFT_OPTIMIZATION_LEVEL = "-Onone";
			};
			name = Debug;
		};
		C795E53828B7F5E50020EBC5 /* Release */ = {
			isa = XCBuildConfiguration;
			buildSettings = {
				ALWAYS_SEARCH_USER_PATHS = NO;
				CLANG_ANALYZER_NONNULL = YES;
				CLANG_ANALYZER_NUMBER_OBJECT_CONVERSION = YES_AGGRESSIVE;
				CLANG_CXX_LANGUAGE_STANDARD = "gnu++17";
				CLANG_ENABLE_MODULES = YES;
				CLANG_ENABLE_OBJC_ARC = YES;
				CLANG_ENABLE_OBJC_WEAK = YES;
				CLANG_WARN_BLOCK_CAPTURE_AUTORELEASING = YES;
				CLANG_WARN_BOOL_CONVERSION = YES;
				CLANG_WARN_COMMA = YES;
				CLANG_WARN_CONSTANT_CONVERSION = YES;
				CLANG_WARN_DEPRECATED_OBJC_IMPLEMENTATIONS = YES;
				CLANG_WARN_DIRECT_OBJC_ISA_USAGE = YES_ERROR;
				CLANG_WARN_DOCUMENTATION_COMMENTS = YES;
				CLANG_WARN_EMPTY_BODY = YES;
				CLANG_WARN_ENUM_CONVERSION = YES;
				CLANG_WARN_INFINITE_RECURSION = YES;
				CLANG_WARN_INT_CONVERSION = YES;
				CLANG_WARN_NON_LITERAL_NULL_CONVERSION = YES;
				CLANG_WARN_OBJC_IMPLICIT_RETAIN_SELF = YES;
				CLANG_WARN_OBJC_LITERAL_CONVERSION = YES;
				CLANG_WARN_OBJC_ROOT_CLASS = YES_ERROR;
				CLANG_WARN_QUOTED_INCLUDE_IN_FRAMEWORK_HEADER = YES;
				CLANG_WARN_RANGE_LOOP_ANALYSIS = YES;
				CLANG_WARN_STRICT_PROTOTYPES = YES;
				CLANG_WARN_SUSPICIOUS_MOVE = YES;
				CLANG_WARN_UNGUARDED_AVAILABILITY = YES_AGGRESSIVE;
				CLANG_WARN_UNREACHABLE_CODE = YES;
				CLANG_WARN__DUPLICATE_METHOD_MATCH = YES;
				COPY_PHASE_STRIP = NO;
				DEBUG_INFORMATION_FORMAT = "dwarf-with-dsym";
				ENABLE_NS_ASSERTIONS = NO;
				ENABLE_STRICT_OBJC_MSGSEND = YES;
				GCC_C_LANGUAGE_STANDARD = gnu11;
				GCC_NO_COMMON_BLOCKS = YES;
				GCC_WARN_64_TO_32_BIT_CONVERSION = YES;
				GCC_WARN_ABOUT_RETURN_TYPE = YES_ERROR;
				GCC_WARN_UNDECLARED_SELECTOR = YES;
				GCC_WARN_UNINITIALIZED_AUTOS = YES_AGGRESSIVE;
				GCC_WARN_UNUSED_FUNCTION = YES;
				GCC_WARN_UNUSED_VARIABLE = YES;
				IPHONEOS_DEPLOYMENT_TARGET = 15.4;
				MTL_ENABLE_DEBUG_INFO = NO;
				MTL_FAST_MATH = YES;
				SDKROOT = iphoneos;
				SWIFT_COMPILATION_MODE = wholemodule;
				SWIFT_OPTIMIZATION_LEVEL = "-O";
				VALIDATE_PRODUCT = YES;
			};
			name = Release;
		};
		C795E53A28B7F5E50020EBC5 /* Debug */ = {
			isa = XCBuildConfiguration;
			buildSettings = {
				ASSETCATALOG_COMPILER_APPICON_NAME = AppIcon;
				ASSETCATALOG_COMPILER_GLOBAL_ACCENT_COLOR_NAME = AccentColor;
				CODE_SIGN_STYLE = Automatic;
				CURRENT_PROJECT_VERSION = 1;
				DEVELOPMENT_TEAM = 3V9F5H9UJQ;
				GENERATE_INFOPLIST_FILE = YES;
				INFOPLIST_FILE = Prework/Info.plist;
				INFOPLIST_KEY_UIApplicationSupportsIndirectInputEvents = YES;
				INFOPLIST_KEY_UILaunchStoryboardName = LaunchScreen;
				INFOPLIST_KEY_UIMainStoryboardFile = Main;
				INFOPLIST_KEY_UISupportedInterfaceOrientations_iPad = "UIInterfaceOrientationPortrait UIInterfaceOrientationPortraitUpsideDown UIInterfaceOrientationLandscapeLeft UIInterfaceOrientationLandscapeRight";
				INFOPLIST_KEY_UISupportedInterfaceOrientations_iPhone = "UIInterfaceOrientationPortrait UIInterfaceOrientationLandscapeLeft UIInterfaceOrientationLandscapeRight";
				LD_RUNPATH_SEARCH_PATHS = (
					"$(inherited)",
					"@executable_path/Frameworks",
				);
				MARKETING_VERSION = 1.0;
				PRODUCT_BUNDLE_IDENTIFIER = "Ramjet-It-Solutions.Prework";
				PRODUCT_NAME = "$(TARGET_NAME)";
				SWIFT_EMIT_LOC_STRINGS = YES;
				SWIFT_VERSION = 5.0;
				TARGETED_DEVICE_FAMILY = "1,2";
			};
			name = Debug;
		};
		C795E53B28B7F5E50020EBC5 /* Release */ = {
			isa = XCBuildConfiguration;
			buildSettings = {
				ASSETCATALOG_COMPILER_APPICON_NAME = AppIcon;
				ASSETCATALOG_COMPILER_GLOBAL_ACCENT_COLOR_NAME = AccentColor;
				CODE_SIGN_STYLE = Automatic;
				CURRENT_PROJECT_VERSION = 1;
				DEVELOPMENT_TEAM = 3V9F5H9UJQ;
				GENERATE_INFOPLIST_FILE = YES;
				INFOPLIST_FILE = Prework/Info.plist;
				INFOPLIST_KEY_UIApplicationSupportsIndirectInputEvents = YES;
				INFOPLIST_KEY_UILaunchStoryboardName = LaunchScreen;
				INFOPLIST_KEY_UIMainStoryboardFile = Main;
				INFOPLIST_KEY_UISupportedInterfaceOrientations_iPad = "UIInterfaceOrientationPortrait UIInterfaceOrientationPortraitUpsideDown UIInterfaceOrientationLandscapeLeft UIInterfaceOrientationLandscapeRight";
				INFOPLIST_KEY_UISupportedInterfaceOrientations_iPhone = "UIInterfaceOrientationPortrait UIInterfaceOrientationLandscapeLeft UIInterfaceOrientationLandscapeRight";
				LD_RUNPATH_SEARCH_PATHS = (
					"$(inherited)",
					"@executable_path/Frameworks",
				);
				MARKETING_VERSION = 1.0;
				PRODUCT_BUNDLE_IDENTIFIER = "Ramjet-It-Solutions.Prework";
				PRODUCT_NAME = "$(TARGET_NAME)";
				SWIFT_EMIT_LOC_STRINGS = YES;
				SWIFT_VERSION = 5.0;
				TARGETED_DEVICE_FAMILY = "1,2";
			};
			name = Release;
		};
		C795E53D28B7F5E50020EBC5 /* Debug */ = {
			isa = XCBuildConfiguration;
			buildSettings = {
				ALWAYS_EMBED_SWIFT_STANDARD_LIBRARIES = YES;
				BUNDLE_LOADER = "$(TEST_HOST)";
				CODE_SIGN_STYLE = Automatic;
				CURRENT_PROJECT_VERSION = 1;
				DEVELOPMENT_TEAM = 3V9F5H9UJQ;
				GENERATE_INFOPLIST_FILE = YES;
				IPHONEOS_DEPLOYMENT_TARGET = 15.4;
				MARKETING_VERSION = 1.0;
				PRODUCT_BUNDLE_IDENTIFIER = "Ramjet-It-Solutions.PreworkTests";
				PRODUCT_NAME = "$(TARGET_NAME)";
				SWIFT_EMIT_LOC_STRINGS = NO;
				SWIFT_VERSION = 5.0;
				TARGETED_DEVICE_FAMILY = "1,2";
				TEST_HOST = "$(BUILT_PRODUCTS_DIR)/Prework.app/Prework";
			};
			name = Debug;
		};
		C795E53E28B7F5E50020EBC5 /* Release */ = {
			isa = XCBuildConfiguration;
			buildSettings = {
				ALWAYS_EMBED_SWIFT_STANDARD_LIBRARIES = YES;
				BUNDLE_LOADER = "$(TEST_HOST)";
				CODE_SIGN_STYLE = Automatic;
				CURRENT_PROJECT_VERSION = 1;
				DEVELOPMENT_TEAM = 3V9F5H9UJQ;
				GENERATE_INFOPLIST_FILE = YES;
				IPHONEOS_DEPLOYMENT_TARGET = 15.4;
				MARKETING_VERSION = 1.0;
				PRODUCT_BUNDLE_IDENTIFIER = "Ramjet-It-Solutions.PreworkTests";
				PRODUCT_NAME = "$(TARGET_NAME)";
				SWIFT_EMIT_LOC_STRINGS = NO;
				SWIFT_VERSION = 5.0;
				TARGETED_DEVICE_FAMILY = "1,2";
				TEST_HOST = "$(BUILT_PRODUCTS_DIR)/Prework.app/Prework";
			};
			name = Release;
		};
		C795E54028B7F5E50020EBC5 /* Debug */ = {
			isa = XCBuildConfiguration;
			buildSettings = {
				ALWAYS_EMBED_SWIFT_STANDARD_LIBRARIES = YES;
				CODE_SIGN_STYLE = Automatic;
				CURRENT_PROJECT_VERSION = 1;
				DEVELOPMENT_TEAM = 3V9F5H9UJQ;
				GENERATE_INFOPLIST_FILE = YES;
				MARKETING_VERSION = 1.0;
				PRODUCT_BUNDLE_IDENTIFIER = "Ramjet-It-Solutions.PreworkUITests";
				PRODUCT_NAME = "$(TARGET_NAME)";
				SWIFT_EMIT_LOC_STRINGS = NO;
				SWIFT_VERSION = 5.0;
				TARGETED_DEVICE_FAMILY = "1,2";
				TEST_TARGET_NAME = Prework;
			};
			name = Debug;
		};
		C795E54128B7F5E50020EBC5 /* Release */ = {
			isa = XCBuildConfiguration;
			buildSettings = {
				ALWAYS_EMBED_SWIFT_STANDARD_LIBRARIES = YES;
				CODE_SIGN_STYLE = Automatic;
				CURRENT_PROJECT_VERSION = 1;
				DEVELOPMENT_TEAM = 3V9F5H9UJQ;
				GENERATE_INFOPLIST_FILE = YES;
				MARKETING_VERSION = 1.0;
				PRODUCT_BUNDLE_IDENTIFIER = "Ramjet-It-Solutions.PreworkUITests";
				PRODUCT_NAME = "$(TARGET_NAME)";
				SWIFT_EMIT_LOC_STRINGS = NO;
				SWIFT_VERSION = 5.0;
				TARGETED_DEVICE_FAMILY = "1,2";
				TEST_TARGET_NAME = Prework;
			};
			name = Release;
		};
/* End XCBuildConfiguration section */

/* Begin XCConfigurationList section */
		C795E50A28B7F5DF0020EBC5 /* Build configuration list for PBXProject "Prework" */ = {
			isa = XCConfigurationList;
			buildConfigurations = (
				C795E53728B7F5E50020EBC5 /* Debug */,
				C795E53828B7F5E50020EBC5 /* Release */,
			);
			defaultConfigurationIsVisible = 0;
			defaultConfigurationName = Release;
		};
		C795E53928B7F5E50020EBC5 /* Build configuration list for PBXNativeTarget "Prework" */ = {
			isa = XCConfigurationList;
			buildConfigurations = (
				C795E53A28B7F5E50020EBC5 /* Debug */,
				C795E53B28B7F5E50020EBC5 /* Release */,
			);
			defaultConfigurationIsVisible = 0;
			defaultConfigurationName = Release;
		};
		C795E53C28B7F5E50020EBC5 /* Build configuration list for PBXNativeTarget "PreworkTests" */ = {
			isa = XCConfigurationList;
			buildConfigurations = (
				C795E53D28B7F5E50020EBC5 /* Debug */,
				C795E53E28B7F5E50020EBC5 /* Release */,
			);
			defaultConfigurationIsVisible = 0;
			defaultConfigurationName = Release;
		};
		C795E53F28B7F5E50020EBC5 /* Build configuration list for PBXNativeTarget "PreworkUITests" */ = {
			isa = XCConfigurationList;
			buildConfigurations = (
				C795E54028B7F5E50020EBC5 /* Debug */,
				C795E54128B7F5E50020EBC5 /* Release */,
			);
			defaultConfigurationIsVisible = 0;
			defaultConfigurationName = Release;
		};
/* End XCConfigurationList section */

/* Begin XCRemoteSwiftPackageReference section */
		C78661A428B89E9600262C75 /* XCRemoteSwiftPackageReference "Inject" */ = {
			isa = XCRemoteSwiftPackageReference;
			repositoryURL = "https://github.com/krzysztofzablocki/Inject.git";
			requirement = {
				branch = main;
				kind = branch;
			};
		};
/* End XCRemoteSwiftPackageReference section */

/* Begin XCSwiftPackageProductDependency section */
		C78661A528B89E9600262C75 /* Inject */ = {
			isa = XCSwiftPackageProductDependency;
			package = C78661A428B89E9600262C75 /* XCRemoteSwiftPackageReference "Inject" */;
			productName = Inject;
		};
/* End XCSwiftPackageProductDependency section */
	};
	rootObject = C795E50728B7F5DF0020EBC5 /* Project object */;
}
